// !$*UTF8*$!
{
	archiveVersion = 1;
	classes = {
	};
	objectVersion = 50;
	objects = {

/* Begin PBXBuildFile section */
		DD17950A24DFB0060023FC83 /* AppDelegate.swift in Sources */ = {isa = PBXBuildFile; fileRef = DD17950924DFB0060023FC83 /* AppDelegate.swift */; };
		DD17950C24DFB0060023FC83 /* ViewController.swift in Sources */ = {isa = PBXBuildFile; fileRef = DD17950B24DFB0060023FC83 /* ViewController.swift */; };
		DD17950F24DFB0060023FC83 /* Main.storyboard in Resources */ = {isa = PBXBuildFile; fileRef = DD17950D24DFB0060023FC83 /* Main.storyboard */; };
		DD17951124DFB00F0023FC83 /* Assets.xcassets in Resources */ = {isa = PBXBuildFile; fileRef = DD17951024DFB00F0023FC83 /* Assets.xcassets */; };
		DD17951424DFB00F0023FC83 /* LaunchScreen.storyboard in Resources */ = {isa = PBXBuildFile; fileRef = DD17951224DFB00F0023FC83 /* LaunchScreen.storyboard */; };
		DD17951F24DFB0100023FC83 /* tipcalcTests.swift in Sources */ = {isa = PBXBuildFile; fileRef = DD17951E24DFB0100023FC83 /* tipcalcTests.swift */; };
		DD17952A24DFB0100023FC83 /* tipcalcUITests.swift in Sources */ = {isa = PBXBuildFile; fileRef = DD17952924DFB0100023FC83 /* tipcalcUITests.swift */; };
/* End PBXBuildFile section */

/* Begin PBXContainerItemProxy section */
		DD17951B24DFB0100023FC83 /* PBXContainerItemProxy */ = {
			isa = PBXContainerItemProxy;
			containerPortal = DD1794FE24DFB0060023FC83 /* Project object */;
			proxyType = 1;
			remoteGlobalIDString = DD17950524DFB0060023FC83;
			remoteInfo = tipcalc;
		};
		DD17952624DFB0100023FC83 /* PBXContainerItemProxy */ = {
			isa = PBXContainerItemProxy;
			containerPortal = DD1794FE24DFB0060023FC83 /* Project object */;
			proxyType = 1;
			remoteGlobalIDString = DD17950524DFB0060023FC83;
			remoteInfo = tipcalc;
		};
/* End PBXContainerItemProxy section */

/* Begin PBXFileReference section */
		DD17950624DFB0060023FC83 /* tipcalc.app */ = {isa = PBXFileReference; explicitFileType = wrapper.application; includeInIndex = 0; path = tipcalc.app; sourceTree = BUILT_PRODUCTS_DIR; };
		DD17950924DFB0060023FC83 /* AppDelegate.swift */ = {isa = PBXFileReference; lastKnownFileType = sourcecode.swift; path = AppDelegate.swift; sourceTree = "<group>"; };
		DD17950B24DFB0060023FC83 /* ViewController.swift */ = {isa = PBXFileReference; lastKnownFileType = sourcecode.swift; path = ViewController.swift; sourceTree = "<group>"; };
		DD17950E24DFB0060023FC83 /* Base */ = {isa = PBXFileReference; lastKnownFileType = file.storyboard; name = Base; path = Base.lproj/Main.storyboard; sourceTree = "<group>"; };
		DD17951024DFB00F0023FC83 /* Assets.xcassets */ = {isa = PBXFileReference; lastKnownFileType = folder.assetcatalog; path = Assets.xcassets; sourceTree = "<group>"; };
		DD17951324DFB00F0023FC83 /* Base */ = {isa = PBXFileReference; lastKnownFileType = file.storyboard; name = Base; path = Base.lproj/LaunchScreen.storyboard; sourceTree = "<group>"; };
		DD17951524DFB00F0023FC83 /* Info.plist */ = {isa = PBXFileReference; lastKnownFileType = text.plist.xml; path = Info.plist; sourceTree = "<group>"; };
		DD17951A24DFB0100023FC83 /* tipcalcTests.xctest */ = {isa = PBXFileReference; explicitFileType = wrapper.cfbundle; includeInIndex = 0; path = tipcalcTests.xctest; sourceTree = BUILT_PRODUCTS_DIR; };
		DD17951E24DFB0100023FC83 /* tipcalcTests.swift */ = {isa = PBXFileReference; lastKnownFileType = sourcecode.swift; path = tipcalcTests.swift; sourceTree = "<group>"; };
		DD17952024DFB0100023FC83 /* Info.plist */ = {isa = PBXFileReference; lastKnownFileType = text.plist.xml; path = Info.plist; sourceTree = "<group>"; };
		DD17952524DFB0100023FC83 /* tipcalcUITests.xctest */ = {isa = PBXFileReference; explicitFileType = wrapper.cfbundle; includeInIndex = 0; path = tipcalcUITests.xctest; sourceTree = BUILT_PRODUCTS_DIR; };
		DD17952924DFB0100023FC83 /* tipcalcUITests.swift */ = {isa = PBXFileReference; lastKnownFileType = sourcecode.swift; path = tipcalcUITests.swift; sourceTree = "<group>"; };
		DD17952B24DFB0100023FC83 /* Info.plist */ = {isa = PBXFileReference; lastKnownFileType = text.plist.xml; path = Info.plist; sourceTree = "<group>"; };
/* End PBXFileReference section */

/* Begin PBXFrameworksBuildPhase section */
		DD17950324DFB0060023FC83 /* Frameworks */ = {
			isa = PBXFrameworksBuildPhase;
			buildActionMask = 2147483647;
			files = (
			);
			runOnlyForDeploymentPostprocessing = 0;
		};
		DD17951724DFB0100023FC83 /* Frameworks */ = {
			isa = PBXFrameworksBuildPhase;
			buildActionMask = 2147483647;
			files = (
			);
			runOnlyForDeploymentPostprocessing = 0;
		};
		DD17952224DFB0100023FC83 /* Frameworks */ = {
			isa = PBXFrameworksBuildPhase;
			buildActionMask = 2147483647;
			files = (
			);
			runOnlyForDeploymentPostprocessing = 0;
		};
/* End PBXFrameworksBuildPhase section */

/* Begin PBXGroup section */
		DD1794FD24DFB0060023FC83 = {
			isa = PBXGroup;
			children = (
				DD17950824DFB0060023FC83 /* tipcalc */,
				DD17951D24DFB0100023FC83 /* tipcalcTests */,
				DD17952824DFB0100023FC83 /* tipcalcUITests */,
				DD17950724DFB0060023FC83 /* Products */,
			);
			sourceTree = "<group>";
		};
		DD17950724DFB0060023FC83 /* Products */ = {
			isa = PBXGroup;
			children = (
				DD17950624DFB0060023FC83 /* tipcalc.app */,
				DD17951A24DFB0100023FC83 /* tipcalcTests.xctest */,
				DD17952524DFB0100023FC83 /* tipcalcUITests.xctest */,
			);
			name = Products;
			sourceTree = "<group>";
		};
		DD17950824DFB0060023FC83 /* tipcalc */ = {
			isa = PBXGroup;
			children = (
				DD17950924DFB0060023FC83 /* AppDelegate.swift */,
				DD17950B24DFB0060023FC83 /* ViewController.swift */,
				DD17950D24DFB0060023FC83 /* Main.storyboard */,
				DD17951024DFB00F0023FC83 /* Assets.xcassets */,
				DD17951224DFB00F0023FC83 /* LaunchScreen.storyboard */,
				DD17951524DFB00F0023FC83 /* Info.plist */,
			);
			path = tipcalc;
			sourceTree = "<group>";
		};
		DD17951D24DFB0100023FC83 /* tipcalcTests */ = {
			isa = PBXGroup;
			children = (
				DD17951E24DFB0100023FC83 /* tipcalcTests.swift */,
				DD17952024DFB0100023FC83 /* Info.plist */,
			);
			path = tipcalcTests;
			sourceTree = "<group>";
		};
		DD17952824DFB0100023FC83 /* tipcalcUITests */ = {
			isa = PBXGroup;
			children = (
				DD17952924DFB0100023FC83 /* tipcalcUITests.swift */,
				DD17952B24DFB0100023FC83 /* Info.plist */,
			);
			path = tipcalcUITests;
			sourceTree = "<group>";
		};
/* End PBXGroup section */

/* Begin PBXNativeTarget section */
		DD17950524DFB0060023FC83 /* tipcalc */ = {
			isa = PBXNativeTarget;
			buildConfigurationList = DD17952E24DFB0100023FC83 /* Build configuration list for PBXNativeTarget "tipcalc" */;
			buildPhases = (
				DD17950224DFB0060023FC83 /* Sources */,
				DD17950324DFB0060023FC83 /* Frameworks */,
				DD17950424DFB0060023FC83 /* Resources */,
			);
			buildRules = (
			);
			dependencies = (
			);
			name = tipcalc;
			productName = tipcalc;
			productReference = DD17950624DFB0060023FC83 /* tipcalc.app */;
			productType = "com.apple.product-type.application";
		};
		DD17951924DFB0100023FC83 /* tipcalcTests */ = {
			isa = PBXNativeTarget;
			buildConfigurationList = DD17953124DFB0100023FC83 /* Build configuration list for PBXNativeTarget "tipcalcTests" */;
			buildPhases = (
				DD17951624DFB0100023FC83 /* Sources */,
				DD17951724DFB0100023FC83 /* Frameworks */,
				DD17951824DFB0100023FC83 /* Resources */,
			);
			buildRules = (
			);
			dependencies = (
				DD17951C24DFB0100023FC83 /* PBXTargetDependency */,
			);
			name = tipcalcTests;
			productName = tipcalcTests;
			productReference = DD17951A24DFB0100023FC83 /* tipcalcTests.xctest */;
			productType = "com.apple.product-type.bundle.unit-test";
		};
		DD17952424DFB0100023FC83 /* tipcalcUITests */ = {
			isa = PBXNativeTarget;
			buildConfigurationList = DD17953424DFB0100023FC83 /* Build configuration list for PBXNativeTarget "tipcalcUITests" */;
			buildPhases = (
				DD17952124DFB0100023FC83 /* Sources */,
				DD17952224DFB0100023FC83 /* Frameworks */,
				DD17952324DFB0100023FC83 /* Resources */,
			);
			buildRules = (
			);
			dependencies = (
				DD17952724DFB0100023FC83 /* PBXTargetDependency */,
			);
			name = tipcalcUITests;
			productName = tipcalcUITests;
			productReference = DD17952524DFB0100023FC83 /* tipcalcUITests.xctest */;
			productType = "com.apple.product-type.bundle.ui-testing";
		};
/* End PBXNativeTarget section */

/* Begin PBXProject section */
		DD1794FE24DFB0060023FC83 /* Project object */ = {
			isa = PBXProject;
			attributes = {
				LastSwiftUpdateCheck = 1030;
				LastUpgradeCheck = 1030;
				ORGANIZATIONNAME = "Lewhat Aylay";
				TargetAttributes = {
					DD17950524DFB0060023FC83 = {
						CreatedOnToolsVersion = 10.3;
					};
					DD17951924DFB0100023FC83 = {
						CreatedOnToolsVersion = 10.3;
						TestTargetID = DD17950524DFB0060023FC83;
					};
					DD17952424DFB0100023FC83 = {
						CreatedOnToolsVersion = 10.3;
						TestTargetID = DD17950524DFB0060023FC83;
					};
				};
			};
			buildConfigurationList = DD17950124DFB0060023FC83 /* Build configuration list for PBXProject "tipcalc" */;
			compatibilityVersion = "Xcode 9.3";
			developmentRegion = en;
			hasScannedForEncodings = 0;
			knownRegions = (
				en,
				Base,
			);
			mainGroup = DD1794FD24DFB0060023FC83;
			productRefGroup = DD17950724DFB0060023FC83 /* Products */;
			projectDirPath = "";
			projectRoot = "";
			targets = (
				DD17950524DFB0060023FC83 /* tipcalc */,
				DD17951924DFB0100023FC83 /* tipcalcTests */,
				DD17952424DFB0100023FC83 /* tipcalcUITests */,
			);
		};
/* End PBXProject section */

/* Begin PBXResourcesBuildPhase section */
		DD17950424DFB0060023FC83 /* Resources */ = {
			isa = PBXResourcesBuildPhase;
			buildActionMask = 2147483647;
			files = (
				DD17951424DFB00F0023FC83 /* LaunchScreen.storyboard in Resources */,
				DD17951124DFB00F0023FC83 /* Assets.xcassets in Resources */,
				DD17950F24DFB0060023FC83 /* Main.storyboard in Resources */,
			);
			runOnlyForDeploymentPostprocessing = 0;
		};
		DD17951824DFB0100023FC83 /* Resources */ = {
			isa = PBXResourcesBuildPhase;
			buildActionMask = 2147483647;
			files = (
			);
			runOnlyForDeploymentPostprocessing = 0;
		};
		DD17952324DFB0100023FC83 /* Resources */ = {
			isa = PBXResourcesBuildPhase;
			buildActionMask = 2147483647;
			files = (
			);
			runOnlyForDeploymentPostprocessing = 0;
		};
/* End PBXResourcesBuildPhase section */

/* Begin PBXSourcesBuildPhase section */
		DD17950224DFB0060023FC83 /* Sources */ = {
			isa = PBXSourcesBuildPhase;
			buildActionMask = 2147483647;
			files = (
				DD17950C24DFB0060023FC83 /* ViewController.swift in Sources */,
				DD17950A24DFB0060023FC83 /* AppDelegate.swift in Sources */,
			);
			runOnlyForDeploymentPostprocessing = 0;
		};
		DD17951624DFB0100023FC83 /* Sources */ = {
			isa = PBXSourcesBuildPhase;
			buildActionMask = 2147483647;
			files = (
				DD17951F24DFB0100023FC83 /* tipcalcTests.swift in Sources */,
			);
			runOnlyForDeploymentPostprocessing = 0;
		};
		DD17952124DFB0100023FC83 /* Sources */ = {
			isa = PBXSourcesBuildPhase;
			buildActionMask = 2147483647;
			files = (
				DD17952A24DFB0100023FC83 /* tipcalcUITests.swift in Sources */,
			);
			runOnlyForDeploymentPostprocessing = 0;
		};
/* End PBXSourcesBuildPhase section */

/* Begin PBXTargetDependency section */
		DD17951C24DFB0100023FC83 /* PBXTargetDependency */ = {
			isa = PBXTargetDependency;
			target = DD17950524DFB0060023FC83 /* tipcalc */;
			targetProxy = DD17951B24DFB0100023FC83 /* PBXContainerItemProxy */;
		};
		DD17952724DFB0100023FC83 /* PBXTargetDependency */ = {
			isa = PBXTargetDependency;
			target = DD17950524DFB0060023FC83 /* tipcalc */;
			targetProxy = DD17952624DFB0100023FC83 /* PBXContainerItemProxy */;
		};
/* End PBXTargetDependency section */

/* Begin PBXVariantGroup section */
		DD17950D24DFB0060023FC83 /* Main.storyboard */ = {
			isa = PBXVariantGroup;
			children = (
				DD17950E24DFB0060023FC83 /* Base */,
			);
			name = Main.storyboard;
			sourceTree = "<group>";
		};
		DD17951224DFB00F0023FC83 /* LaunchScreen.storyboard */ = {
			isa = PBXVariantGroup;
			children = (
				DD17951324DFB00F0023FC83 /* Base */,
			);
			name = LaunchScreen.storyboard;
			sourceTree = "<group>";
		};
/* End PBXVariantGroup section */

/* Begin XCBuildConfiguration section */
		DD17952C24DFB0100023FC83 /* Debug */ = {
			isa = XCBuildConfiguration;
			buildSettings = {
				ALWAYS_SEARCH_USER_PATHS = NO;
				CLANG_ANALYZER_NONNULL = YES;
				CLANG_ANALYZER_NUMBER_OBJECT_CONVERSION = YES_AGGRESSIVE;
				CLANG_CXX_LANGUAGE_STANDARD = "gnu++14";
				CLANG_CXX_LIBRARY = "libc++";
				CLANG_ENABLE_MODULES = YES;
				CLANG_ENABLE_OBJC_ARC = YES;
				CLANG_ENABLE_OBJC_WEAK = YES;
				CLANG_WARN_BLOCK_CAPTURE_AUTORELEASING = YES;
				CLANG_WARN_BOOL_CONVERSION = YES;
				CLANG_WARN_COMMA = YES;
				CLANG_WARN_CONSTANT_CONVERSION = YES;
				CLANG_WARN_DEPRECATED_OBJC_IMPLEMENTATIONS = YES;
				CLANG_WARN_DIRECT_OBJC_ISA_USAGE = YES_ERROR;
				CLANG_WARN_DOCUMENTATION_COMMENTS = YES;
				CLANG_WARN_EMPTY_BODY = YES;
				CLANG_WARN_ENUM_CONVERSION = YES;
				CLANG_WARN_INFINITE_RECURSION = YES;
				CLANG_WARN_INT_CONVERSION = YES;
				CLANG_WARN_NON_LITERAL_NULL_CONVERSION = YES;
				CLANG_WARN_OBJC_IMPLICIT_RETAIN_SELF = YES;
				CLANG_WARN_OBJC_LITERAL_CONVERSION = YES;
				CLANG_WARN_OBJC_ROOT_CLASS = YES_ERROR;
				CLANG_WARN_RANGE_LOOP_ANALYSIS = YES;
				CLANG_WARN_STRICT_PROTOTYPES = YES;
				CLANG_WARN_SUSPICIOUS_MOVE = YES;
				CLANG_WARN_UNGUARDED_AVAILABILITY = YES_AGGRESSIVE;
				CLANG_WARN_UNREACHABLE_CODE = YES;
				CLANG_WARN__DUPLICATE_METHOD_MATCH = YES;
				CODE_SIGN_IDENTITY = "iPhone Developer";
				COPY_PHASE_STRIP = NO;
				DEBUG_INFORMATION_FORMAT = dwarf;
				ENABLE_STRICT_OBJC_MSGSEND = YES;
				ENABLE_TESTABILITY = YES;
				GCC_C_LANGUAGE_STANDARD = gnu11;
				GCC_DYNAMIC_NO_PIC = NO;
				GCC_NO_COMMON_BLOCKS = YES;
				GCC_OPTIMIZATION_LEVEL = 0;
				GCC_PREPROCESSOR_DEFINITIONS = (
					"DEBUG=1",
					"$(inherited)",
				);
				GCC_WARN_64_TO_32_BIT_CONVERSION = YES;
				GCC_WARN_ABOUT_RETURN_TYPE = YES_ERROR;
				GCC_WARN_UNDECLARED_SELECTOR = YES;
				GCC_WARN_UNINITIALIZED_AUTOS = YES_AGGRESSIVE;
				GCC_WARN_UNUSED_FUNCTION = YES;
				GCC_WARN_UNUSED_VARIABLE = YES;
				IPHONEOS_DEPLOYMENT_TARGET = 12.4;
				MTL_ENABLE_DEBUG_INFO = INCLUDE_SOURCE;
				MTL_FAST_MATH = YES;
				ONLY_ACTIVE_ARCH = YES;
				SDKROOT = iphoneos;
				SWIFT_ACTIVE_COMPILATION_CONDITIONS = DEBUG;
				SWIFT_OPTIMIZATION_LEVEL = "-Onone";
			};
			name = Debug;
		};
		DD17952D24DFB0100023FC83 /* Release */ = {
			isa = XCBuildConfiguration;
			buildSettings = {
				ALWAYS_SEARCH_USER_PATHS = NO;
				CLANG_ANALYZER_NONNULL = YES;
				CLANG_ANALYZER_NUMBER_OBJECT_CONVERSION = YES_AGGRESSIVE;
				CLANG_CXX_LANGUAGE_STANDARD = "gnu++14";
				CLANG_CXX_LIBRARY = "libc++";
				CLANG_ENABLE_MODULES = YES;
				CLANG_ENABLE_OBJC_ARC = YES;
				CLANG_ENABLE_OBJC_WEAK = YES;
				CLANG_WARN_BLOCK_CAPTURE_AUTORELEASING = YES;
				CLANG_WARN_BOOL_CONVERSION = YES;
				CLANG_WARN_COMMA = YES;
				CLANG_WARN_CONSTANT_CONVERSION = YES;
				CLANG_WARN_DEPRECATED_OBJC_IMPLEMENTATIONS = YES;
				CLANG_WARN_DIRECT_OBJC_ISA_USAGE = YES_ERROR;
				CLANG_WARN_DOCUMENTATION_COMMENTS = YES;
				CLANG_WARN_EMPTY_BODY = YES;
				CLANG_WARN_ENUM_CONVERSION = YES;
				CLANG_WARN_INFINITE_RECURSION = YES;
				CLANG_WARN_INT_CONVERSION = YES;
				CLANG_WARN_NON_LITERAL_NULL_CONVERSION = YES;
				CLANG_WARN_OBJC_IMPLICIT_RETAIN_SELF = YES;
				CLANG_WARN_OBJC_LITERAL_CONVERSION = YES;
				CLANG_WARN_OBJC_ROOT_CLASS = YES_ERROR;
				CLANG_WARN_RANGE_LOOP_ANALYSIS = YES;
				CLANG_WARN_STRICT_PROTOTYPES = YES;
				CLANG_WARN_SUSPICIOUS_MOVE = YES;
				CLANG_WARN_UNGUARDED_AVAILABILITY = YES_AGGRESSIVE;
				CLANG_WARN_UNREACHABLE_CODE = YES;
				CLANG_WARN__DUPLICATE_METHOD_MATCH = YES;
				CODE_SIGN_IDENTITY = "iPhone Developer";
				COPY_PHASE_STRIP = NO;
				DEBUG_INFORMATION_FORMAT = "dwarf-with-dsym";
				ENABLE_NS_ASSERTIONS = NO;
				ENABLE_STRICT_OBJC_MSGSEND = YES;
				GCC_C_LANGUAGE_STANDARD = gnu11;
				GCC_NO_COMMON_BLOCKS = YES;
				GCC_WARN_64_TO_32_BIT_CONVERSION = YES;
				GCC_WARN_ABOUT_RETURN_TYPE = YES_ERROR;
				GCC_WARN_UNDECLARED_SELECTOR = YES;
				GCC_WARN_UNINITIALIZED_AUTOS = YES_AGGRESSIVE;
				GCC_WARN_UNUSED_FUNCTION = YES;
				GCC_WARN_UNUSED_VARIABLE = YES;
				IPHONEOS_DEPLOYMENT_TARGET = 12.4;
				MTL_ENABLE_DEBUG_INFO = NO;
				MTL_FAST_MATH = YES;
				SDKROOT = iphoneos;
				SWIFT_COMPILATION_MODE = wholemodule;
				SWIFT_OPTIMIZATION_LEVEL = "-O";
				VALIDATE_PRODUCT = YES;
			};
			name = Release;
		};
		DD17952F24DFB0100023FC83 /* Debug */ = {
			isa = XCBuildConfiguration;
			buildSettings = {
				ASSETCATALOG_COMPILER_APPICON_NAME = AppIcon;
				CODE_SIGN_STYLE = Automatic;
				INFOPLIST_FILE = tipcalc/Info.plist;
				LD_RUNPATH_SEARCH_PATHS = (
					"$(inherited)",
					"@executable_path/Frameworks",
				);
				PRODUCT_BUNDLE_IDENTIFIER = "Lewhat-Aylay.tipcalc";
				PRODUCT_NAME = "$(TARGET_NAME)";
				SWIFT_VERSION = 5.0;
				TARGETED_DEVICE_FAMILY = "1,2";
			};
			name = Debug;
		};
		DD17953024DFB0100023FC83 /* Release */ = {
			isa = XCBuildConfiguration;
			buildSettings = {
				ASSETCATALOG_COMPILER_APPICON_NAME = AppIcon;
				CODE_SIGN_STYLE = Automatic;
				INFOPLIST_FILE = tipcalc/Info.plist;
				LD_RUNPATH_SEARCH_PATHS = (
					"$(inherited)",
					"@executable_path/Frameworks",
				);
				PRODUCT_BUNDLE_IDENTIFIER = "Lewhat-Aylay.tipcalc";
				PRODUCT_NAME = "$(TARGET_NAME)";
				SWIFT_VERSION = 5.0;
				TARGETED_DEVICE_FAMILY = "1,2";
			};
			name = Release;
		};
		DD17953224DFB0100023FC83 /* Debug */ = {
			isa = XCBuildConfiguration;
			buildSettings = {
				ALWAYS_EMBED_SWIFT_STANDARD_LIBRARIES = YES;
				BUNDLE_LOADER = "$(TEST_HOST)";
				CODE_SIGN_STYLE = Automatic;
				INFOPLIST_FILE = tipcalcTests/Info.plist;
				LD_RUNPATH_SEARCH_PATHS = (
					"$(inherited)",
					"@executable_path/Frameworks",
					"@loader_path/Frameworks",
				);
				PRODUCT_BUNDLE_IDENTIFIER = "Lewhat-Aylay.tipcalcTests";
				PRODUCT_NAME = "$(TARGET_NAME)";
				SWIFT_VERSION = 5.0;
				TARGETED_DEVICE_FAMILY = "1,2";
				TEST_HOST = "$(BUILT_PRODUCTS_DIR)/tipcalc.app/tipcalc";
			};
			name = Debug;
		};
		DD17953324DFB0100023FC83 /* Release */ = {
			isa = XCBuildConfiguration;
			buildSettings = {
				ALWAYS_EMBED_SWIFT_STANDARD_LIBRARIES = YES;
				BUNDLE_LOADER = "$(TEST_HOST)";
				CODE_SIGN_STYLE = Automatic;
				INFOPLIST_FILE = tipcalcTests/Info.plist;
				LD_RUNPATH_SEARCH_PATHS = (
					"$(inherited)",
					"@executable_path/Frameworks",
					"@loader_path/Frameworks",
				);
				PRODUCT_BUNDLE_IDENTIFIER = "Lewhat-Aylay.tipcalcTests";
				PRODUCT_NAME = "$(TARGET_NAME)";
				SWIFT_VERSION = 5.0;
				TARGETED_DEVICE_FAMILY = "1,2";
				TEST_HOST = "$(BUILT_PRODUCTS_DIR)/tipcalc.app/tipcalc";
			};
			name = Release;
		};
		DD17953524DFB0100023FC83 /* Debug */ = {
			isa = XCBuildConfiguration;
			buildSettings = {
				ALWAYS_EMBED_SWIFT_STANDARD_LIBRARIES = YES;
				CODE_SIGN_STYLE = Automatic;
				INFOPLIST_FILE = tipcalcUITests/Info.plist;
				LD_RUNPATH_SEARCH_PATHS = (
					"$(inherited)",
					"@executable_path/Frameworks",
					"@loader_path/Frameworks",
				);
				PRODUCT_BUNDLE_IDENTIFIER = "Lewhat-Aylay.tipcalcUITests";
				PRODUCT_NAME = "$(TARGET_NAME)";
				SWIFT_VERSION = 5.0;
				TARGETED_DEVICE_FAMILY = "1,2";
				TEST_TARGET_NAME = tipcalc;
			};
			name = Debug;
		};
		DD17953624DFB0100023FC83 /* Release */ = {
			isa = XCBuildConfiguration;
			buildSettings = {
				ALWAYS_EMBED_SWIFT_STANDARD_LIBRARIES = YES;
				CODE_SIGN_STYLE = Automatic;
				INFOPLIST_FILE = tipcalcUITests/Info.plist;
				LD_RUNPATH_SEARCH_PATHS = (
					"$(inherited)",
					"@executable_path/Frameworks",
					"@loader_path/Frameworks",
				);
				PRODUCT_BUNDLE_IDENTIFIER = "Lewhat-Aylay.tipcalcUITests";
				PRODUCT_NAME = "$(TARGET_NAME)";
				SWIFT_VERSION = 5.0;
				TARGETED_DEVICE_FAMILY = "1,2";
				TEST_TARGET_NAME = tipcalc;
			};
			name = Release;
		};
/* End XCBuildConfiguration section */

/* Begin XCConfigurationList section */
		DD17950124DFB0060023FC83 /* Build configuration list for PBXProject "tipcalc" */ = {
			isa = XCConfigurationList;
			buildConfigurations = (
				DD17952C24DFB0100023FC83 /* Debug */,
				DD17952D24DFB0100023FC83 /* Release */,
			);
			defaultConfigurationIsVisible = 0;
			defaultConfigurationName = Release;
		};
		DD17952E24DFB0100023FC83 /* Build configuration list for PBXNativeTarget "tipcalc" */ = {
			isa = XCConfigurationList;
			buildConfigurations = (
				DD17952F24DFB0100023FC83 /* Debug */,
				DD17953024DFB0100023FC83 /* Release */,
			);
			defaultConfigurationIsVisible = 0;
			defaultConfigurationName = Release;
		};
		DD17953124DFB0100023FC83 /* Build configuration list for PBXNativeTarget "tipcalcTests" */ = {
			isa = XCConfigurationList;
			buildConfigurations = (
				DD17953224DFB0100023FC83 /* Debug */,
				DD17953324DFB0100023FC83 /* Release */,
			);
			defaultConfigurationIsVisible = 0;
			defaultConfigurationName = Release;
		};
		DD17953424DFB0100023FC83 /* Build configuration list for PBXNativeTarget "tipcalcUITests" */ = {
			isa = XCConfigurationList;
			buildConfigurations = (
				DD17953524DFB0100023FC83 /* Debug */,
				DD17953624DFB0100023FC83 /* Release */,
			);
			defaultConfigurationIsVisible = 0;
			defaultConfigurationName = Release;
		};
/* End XCConfigurationList section */
	};
	rootObject = DD1794FE24DFB0060023FC83 /* Project object */;
}
